
Microsoft Visual Studio Solution File, Format Version 12.00
# Visual Studio 15
VisualStudioVersion = 15.0.28010.2048
MinimumVisualStudioVersion = 10.0.40219.1
Project("{888888A0-9F3D-457C-B088-3A5042F75D52}") = "Wake-T", "Wake-T\Wake-T.pyproj", "{BF4CE4A0-D2C2-4A97-8D27-C56EF8214CB6}"
EndProject
Global
	GlobalSection(SolutionConfigurationPlatforms) = preSolution
		Debug|Any CPU = Debug|Any CPU
		Release|Any CPU = Release|Any CPU
	EndGlobalSection
	GlobalSection(ProjectConfigurationPlatforms) = postSolution
		{BF4CE4A0-D2C2-4A97-8D27-C56EF8214CB6}.Debug|Any CPU.ActiveCfg = Debug|Any CPU
		{BF4CE4A0-D2C2-4A97-8D27-C56EF8214CB6}.Release|Any CPU.ActiveCfg = Release|Any CPU
	EndGlobalSection
	GlobalSection(SolutionProperties) = preSolution
		HideSolutionNode = FALSE
	EndGlobalSection
	GlobalSection(ExtensibilityGlobals) = postSolution
		SolutionGuid = {A9B7F761-306B-45B1-9A77-DB671AFDC089}
	EndGlobalSection
EndGlobal
